{
    "_meta": {
        "hash": {
            "sha256": "6a6fecd65e08e444d9215727fdf4e67f064613ac141a9473a133a7fc91be0aaa"
        },
        "pipfile-spec": 6,
        "requires": {
            "python_version": "3.11"
        },
        "sources": [
            {
                "name": "pypi",
                "url": "https://pypi.org/simple",
                "verify_ssl": true
            }
        ]
    },
    "default": {},
    "develop": {}
}
